GEM
  remote: https://rubygems.org/
  specs:
    faraday (2.14.2)
      faraday-net_http (>= 2.0, < 3.5)
      json
      logger
    faraday-net_http (3.4.3)
      net-http (~> 0.5)
    json (2.19.5)
    logger (1.7.0)
    net-http (0.9.1)
      uri (>= 0.11.1)
    uri (1.1.1)

PLATFORMS
  arm64-darwin-23
  ruby

DEPENDENCIES
  faraday (~> 2.9)

RUBY VERSION
   ruby 3.3.6p108

BUNDLED WITH
   2.5.22
